
Microsoft Visual Studio Solution File, Format Version 12.00
# Visual Studio Version 16
VisualStudioVersion = 16.0.31424.327
MinimumVisualStudioVersion = 10.0.40219.1
Project("{9A19103F-16F7-4668-BE54-9A1E7A4F7556}") = "BogdaroneGest", "BogdaroneGest\BogdaroneGest.csproj", "{0D9DD721-4D40-476B-AA5C-A317F25B3BF1}"
EndProject
Project("{9A19103F-16F7-4668-BE54-9A1E7A4F7556}") = "DBEntities", "DBEntities\DBEntities.csproj", "{5D80B7E2-2BC6-4D56-BBC9-BF693EEADD3B}"
EndProject
Project("{9A19103F-16F7-4668-BE54-9A1E7A4F7556}") = "BogdaroneAccess", "BogdaroneAccess\BogdaroneAccess.csproj", "{B7CA7965-1B04-4E62-BB12-A3D1B79B25B7}"
EndProject
Project("{9A19103F-16F7-4668-BE54-9A1E7A4F7556}") = "DbService", "DbService\DbService.csproj", "{40B766F6-B12E-4F2A-B9CF-F7369E43C43C}"
EndProject
Project("{9A19103F-16F7-4668-BE54-9A1E7A4F7556}") = "SqlDbQuery", "SqlDbQuery\SqlDbQuery.csproj", "{3ECED998-12D0-4A1A-BB92-27D7AC35E911}"
EndProject
Global
	GlobalSection(SolutionConfigurationPlatforms) = preSolution
		Debug|Any CPU = Debug|Any CPU
		Release|Any CPU = Release|Any CPU
	EndGlobalSection
	GlobalSection(ProjectConfigurationPlatforms) = postSolution
		{0D9DD721-4D40-476B-AA5C-A317F25B3BF1}.Debug|Any CPU.ActiveCfg = Debug|Any CPU
		{0D9DD721-4D40-476B-AA5C-A317F25B3BF1}.Debug|Any CPU.Build.0 = Debug|Any CPU
		{0D9DD721-4D40-476B-AA5C-A317F25B3BF1}.Release|Any CPU.ActiveCfg = Release|Any CPU
		{0D9DD721-4D40-476B-AA5C-A317F25B3BF1}.Release|Any CPU.Build.0 = Release|Any CPU
		{5D80B7E2-2BC6-4D56-BBC9-BF693EEADD3B}.Debug|Any CPU.ActiveCfg = Debug|Any CPU
		{5D80B7E2-2BC6-4D56-BBC9-BF693EEADD3B}.Debug|Any CPU.Build.0 = Debug|Any CPU
		{5D80B7E2-2BC6-4D56-BBC9-BF693EEADD3B}.Release|Any CPU.ActiveCfg = Release|Any CPU
		{5D80B7E2-2BC6-4D56-BBC9-BF693EEADD3B}.Release|Any CPU.Build.0 = Release|Any CPU
		{B7CA7965-1B04-4E62-BB12-A3D1B79B25B7}.Debug|Any CPU.ActiveCfg = Debug|Any CPU
		{B7CA7965-1B04-4E62-BB12-A3D1B79B25B7}.Debug|Any CPU.Build.0 = Debug|Any CPU
		{B7CA7965-1B04-4E62-BB12-A3D1B79B25B7}.Release|Any CPU.ActiveCfg = Release|Any CPU
		{B7CA7965-1B04-4E62-BB12-A3D1B79B25B7}.Release|Any CPU.Build.0 = Release|Any CPU
		{40B766F6-B12E-4F2A-B9CF-F7369E43C43C}.Debug|Any CPU.ActiveCfg = Debug|Any CPU
		{40B766F6-B12E-4F2A-B9CF-F7369E43C43C}.Debug|Any CPU.Build.0 = Debug|Any CPU
		{40B766F6-B12E-4F2A-B9CF-F7369E43C43C}.Release|Any CPU.ActiveCfg = Release|Any CPU
		{40B766F6-B12E-4F2A-B9CF-F7369E43C43C}.Release|Any CPU.Build.0 = Release|Any CPU
		{3ECED998-12D0-4A1A-BB92-27D7AC35E911}.Debug|Any CPU.ActiveCfg = Debug|Any CPU
		{3ECED998-12D0-4A1A-BB92-27D7AC35E911}.Debug|Any CPU.Build.0 = Debug|Any CPU
		{3ECED998-12D0-4A1A-BB92-27D7AC35E911}.Release|Any CPU.ActiveCfg = Release|Any CPU
		{3ECED998-12D0-4A1A-BB92-27D7AC35E911}.Release|Any CPU.Build.0 = Release|Any CPU
	EndGlobalSection
	GlobalSection(SolutionProperties) = preSolution
		HideSolutionNode = FALSE
	EndGlobalSection
	GlobalSection(ExtensibilityGlobals) = postSolution
		SolutionGuid = {DAAFBA6E-A5CA-4BE9-82A2-F87E8827EA39}
	EndGlobalSection
EndGlobal
